// !$*UTF8*$!
{
	archiveVersion = 1;
	classes = {
	};
	objectVersion = 46;
	objects = {

/* Begin PBXBuildFile section */
		8F25B5CC19510A8400FF7AB1 /* Foundation.framework in Frameworks */ = {isa = PBXBuildFile; fileRef = 8F25B5CB19510A8400FF7AB1 /* Foundation.framework */; };
		8F25B5CE19510A8400FF7AB1 /* CoreGraphics.framework in Frameworks */ = {isa = PBXBuildFile; fileRef = 8F25B5CD19510A8400FF7AB1 /* CoreGraphics.framework */; };
		8F25B5D019510A8400FF7AB1 /* UIKit.framework in Frameworks */ = {isa = PBXBuildFile; fileRef = 8F25B5CF19510A8400FF7AB1 /* UIKit.framework */; };
		8F25B5D619510A8400FF7AB1 /* InfoPlist.strings in Resources */ = {isa = PBXBuildFile; fileRef = 8F25B5D419510A8400FF7AB1 /* InfoPlist.strings */; };
		8F25B5D819510A8400FF7AB1 /* main.m in Sources */ = {isa = PBXBuildFile; fileRef = 8F25B5D719510A8400FF7AB1 /* main.m */; };
		8F25B5DC19510A8400FF7AB1 /* RBUAppDelegate.m in Sources */ = {isa = PBXBuildFile; fileRef = 8F25B5DB19510A8400FF7AB1 /* RBUAppDelegate.m */; };
		8F25B5DE19510A8400FF7AB1 /* Images.xcassets in Resources */ = {isa = PBXBuildFile; fileRef = 8F25B5DD19510A8400FF7AB1 /* Images.xcassets */; };
		8F25B5E519510A8500FF7AB1 /* XCTest.framework in Frameworks */ = {isa = PBXBuildFile; fileRef = 8F25B5E419510A8500FF7AB1 /* XCTest.framework */; };
		8F25B5E619510A8500FF7AB1 /* Foundation.framework in Frameworks */ = {isa = PBXBuildFile; fileRef = 8F25B5CB19510A8400FF7AB1 /* Foundation.framework */; };
		8F25B5E719510A8500FF7AB1 /* UIKit.framework in Frameworks */ = {isa = PBXBuildFile; fileRef = 8F25B5CF19510A8400FF7AB1 /* UIKit.framework */; };
		8F25B5EF19510A8500FF7AB1 /* InfoPlist.strings in Resources */ = {isa = PBXBuildFile; fileRef = 8F25B5ED19510A8500FF7AB1 /* InfoPlist.strings */; };
		8F25B5F119510A8500FF7AB1 /* RunBuddyTests.m in Sources */ = {isa = PBXBuildFile; fileRef = 8F25B5F019510A8500FF7AB1 /* RunBuddyTests.m */; };
		8F25B5FB19510AD200FF7AB1 /* Main.storyboard in Resources */ = {isa = PBXBuildFile; fileRef = 8F25B5FA19510AD200FF7AB1 /* Main.storyboard */; };
		8F25B60419511E5900FF7AB1 /* RBURunViewController.m in Sources */ = {isa = PBXBuildFile; fileRef = 8F25B60319511E5900FF7AB1 /* RBURunViewController.m */; };
		8F25B60D19511FAE00FF7AB1 /* RBUMainViewController.m in Sources */ = {isa = PBXBuildFile; fileRef = 8F25B60C19511FAE00FF7AB1 /* RBUMainViewController.m */; };
		8F25B6161951207300FF7AB1 /* RBUResultsViewController.m in Sources */ = {isa = PBXBuildFile; fileRef = 8F25B6151951207300FF7AB1 /* RBUResultsViewController.m */; };
		8F25B619195124CF00FF7AB1 /* RBURunHelper.m in Sources */ = {isa = PBXBuildFile; fileRef = 8F25B618195124CF00FF7AB1 /* RBURunHelper.m */; };
		8FA05993196CD86400C21F91 /* RBUTableViewController2.m in Sources */ = {isa = PBXBuildFile; fileRef = 8FA05992196CD86400C21F91 /* RBUTableViewController2.m */; };
		8FA059961978C44D00C21F91 /* RBUOverViewController.m in Sources */ = {isa = PBXBuildFile; fileRef = 8FA059951978C44D00C21F91 /* RBUOverViewController.m */; };
		8FA059991978C45C00C21F91 /* RBUUnderViewController.m in Sources */ = {isa = PBXBuildFile; fileRef = 8FA059981978C45C00C21F91 /* RBUUnderViewController.m */; };
		8FB8130C19916231002E9F0B /* right.mp3 in Resources */ = {isa = PBXBuildFile; fileRef = 8FB8130A19916231002E9F0B /* right.mp3 */; };
		8FB8130D19916231002E9F0B /* wrong.mp3 in Resources */ = {isa = PBXBuildFile; fileRef = 8FB8130B19916231002E9F0B /* wrong.mp3 */; };
		8FD517E019873D4E0084D44A /* RBUHelpViewController.m in Sources */ = {isa = PBXBuildFile; fileRef = 8FD517DF19873D4E0084D44A /* RBUHelpViewController.m */; };
		8FD7C354196261A50035C111 /* RBUTableViewController.m in Sources */ = {isa = PBXBuildFile; fileRef = 8FD7C353196261A50035C111 /* RBUTableViewController.m */; };
/* End PBXBuildFile section */

/* Begin PBXContainerItemProxy section */
		8F25B5E819510A8500FF7AB1 /* PBXContainerItemProxy */ = {
			isa = PBXContainerItemProxy;
			containerPortal = 8F25B5C019510A8400FF7AB1 /* Project object */;
			proxyType = 1;
			remoteGlobalIDString = 8F25B5C719510A8400FF7AB1;
			remoteInfo = RunBuddy;
		};
/* End PBXContainerItemProxy section */

/* Begin PBXFileReference section */
		8F25B5C819510A8400FF7AB1 /* RunBuddy.app */ = {isa = PBXFileReference; explicitFileType = wrapper.application; includeInIndex = 0; path = RunBuddy.app; sourceTree = BUILT_PRODUCTS_DIR; };
		8F25B5CB19510A8400FF7AB1 /* Foundation.framework */ = {isa = PBXFileReference; lastKnownFileType = wrapper.framework; name = Foundation.framework; path = System/Library/Frameworks/Foundation.framework; sourceTree = SDKROOT; };
		8F25B5CD19510A8400FF7AB1 /* CoreGraphics.framework */ = {isa = PBXFileReference; lastKnownFileType = wrapper.framework; name = CoreGraphics.framework; path = System/Library/Frameworks/CoreGraphics.framework; sourceTree = SDKROOT; };
		8F25B5CF19510A8400FF7AB1 /* UIKit.framework */ = {isa = PBXFileReference; lastKnownFileType = wrapper.framework; name = UIKit.framework; path = System/Library/Frameworks/UIKit.framework; sourceTree = SDKROOT; };
		8F25B5D319510A8400FF7AB1 /* RunBuddy-Info.plist */ = {isa = PBXFileReference; lastKnownFileType = text.plist.xml; path = "RunBuddy-Info.plist"; sourceTree = "<group>"; };
		8F25B5D519510A8400FF7AB1 /* en */ = {isa = PBXFileReference; lastKnownFileType = text.plist.strings; name = en; path = en.lproj/InfoPlist.strings; sourceTree = "<group>"; };
		8F25B5D719510A8400FF7AB1 /* main.m */ = {isa = PBXFileReference; lastKnownFileType = sourcecode.c.objc; path = main.m; sourceTree = "<group>"; };
		8F25B5D919510A8400FF7AB1 /* RunBuddy-Prefix.pch */ = {isa = PBXFileReference; lastKnownFileType = sourcecode.c.h; path = "RunBuddy-Prefix.pch"; sourceTree = "<group>"; };
		8F25B5DA19510A8400FF7AB1 /* RBUAppDelegate.h */ = {isa = PBXFileReference; lastKnownFileType = sourcecode.c.h; path = RBUAppDelegate.h; sourceTree = "<group>"; };
		8F25B5DB19510A8400FF7AB1 /* RBUAppDelegate.m */ = {isa = PBXFileReference; lastKnownFileType = sourcecode.c.objc; path = RBUAppDelegate.m; sourceTree = "<group>"; };
		8F25B5DD19510A8400FF7AB1 /* Images.xcassets */ = {isa = PBXFileReference; lastKnownFileType = folder.assetcatalog; path = Images.xcassets; sourceTree = "<group>"; };
		8F25B5E319510A8500FF7AB1 /* RunBuddyTests.xctest */ = {isa = PBXFileReference; explicitFileType = wrapper.cfbundle; includeInIndex = 0; path = RunBuddyTests.xctest; sourceTree = BUILT_PRODUCTS_DIR; };
		8F25B5E419510A8500FF7AB1 /* XCTest.framework */ = {isa = PBXFileReference; lastKnownFileType = wrapper.framework; name = XCTest.framework; path = Library/Frameworks/XCTest.framework; sourceTree = DEVELOPER_DIR; };
		8F25B5EC19510A8500FF7AB1 /* RunBuddyTests-Info.plist */ = {isa = PBXFileReference; lastKnownFileType = text.plist.xml; path = "RunBuddyTests-Info.plist"; sourceTree = "<group>"; };
		8F25B5EE19510A8500FF7AB1 /* en */ = {isa = PBXFileReference; lastKnownFileType = text.plist.strings; name = en; path = en.lproj/InfoPlist.strings; sourceTree = "<group>"; };
		8F25B5F019510A8500FF7AB1 /* RunBuddyTests.m */ = {isa = PBXFileReference; lastKnownFileType = sourcecode.c.objc; path = RunBuddyTests.m; sourceTree = "<group>"; };
		8F25B5FA19510AD200FF7AB1 /* Main.storyboard */ = {isa = PBXFileReference; fileEncoding = 4; lastKnownFileType = file.storyboard; path = Main.storyboard; sourceTree = "<group>"; };
		8F25B60219511E5900FF7AB1 /* RBURunViewController.h */ = {isa = PBXFileReference; fileEncoding = 4; lastKnownFileType = sourcecode.c.h; path = RBURunViewController.h; sourceTree = "<group>"; };
		8F25B60319511E5900FF7AB1 /* RBURunViewController.m */ = {isa = PBXFileReference; fileEncoding = 4; lastKnownFileType = sourcecode.c.objc; path = RBURunViewController.m; sourceTree = "<group>"; };
		8F25B60B19511FAE00FF7AB1 /* RBUMainViewController.h */ = {isa = PBXFileReference; fileEncoding = 4; lastKnownFileType = sourcecode.c.h; path = RBUMainViewController.h; sourceTree = SOURCE_ROOT; };
		8F25B60C19511FAE00FF7AB1 /* RBUMainViewController.m */ = {isa = PBXFileReference; fileEncoding = 4; lastKnownFileType = sourcecode.c.objc; path = RBUMainViewController.m; sourceTree = SOURCE_ROOT; };
		8F25B6141951207300FF7AB1 /* RBUResultsViewController.h */ = {isa = PBXFileReference; fileEncoding = 4; lastKnownFileType = sourcecode.c.h; path = RBUResultsViewController.h; sourceTree = "<group>"; };
		8F25B6151951207300FF7AB1 /* RBUResultsViewController.m */ = {isa = PBXFileReference; fileEncoding = 4; lastKnownFileType = sourcecode.c.objc; path = RBUResultsViewController.m; sourceTree = "<group>"; };
		8F25B617195124CF00FF7AB1 /* RBURunHelper.h */ = {isa = PBXFileReference; fileEncoding = 4; lastKnownFileType = sourcecode.c.h; path = RBURunHelper.h; sourceTree = "<group>"; };
		8F25B618195124CF00FF7AB1 /* RBURunHelper.m */ = {isa = PBXFileReference; fileEncoding = 4; lastKnownFileType = sourcecode.c.objc; path = RBURunHelper.m; sourceTree = "<group>"; };
		8FA05991196CD86400C21F91 /* RBUTableViewController2.h */ = {isa = PBXFileReference; fileEncoding = 4; lastKnownFileType = sourcecode.c.h; path = RBUTableViewController2.h; sourceTree = "<group>"; };
		8FA05992196CD86400C21F91 /* RBUTableViewController2.m */ = {isa = PBXFileReference; fileEncoding = 4; lastKnownFileType = sourcecode.c.objc; path = RBUTableViewController2.m; sourceTree = "<group>"; };
		8FA059941978C44D00C21F91 /* RBUOverViewController.h */ = {isa = PBXFileReference; fileEncoding = 4; lastKnownFileType = sourcecode.c.h; path = RBUOverViewController.h; sourceTree = "<group>"; };
		8FA059951978C44D00C21F91 /* RBUOverViewController.m */ = {isa = PBXFileReference; fileEncoding = 4; lastKnownFileType = sourcecode.c.objc; path = RBUOverViewController.m; sourceTree = "<group>"; };
		8FA059971978C45C00C21F91 /* RBUUnderViewController.h */ = {isa = PBXFileReference; fileEncoding = 4; lastKnownFileType = sourcecode.c.h; path = RBUUnderViewController.h; sourceTree = "<group>"; };
		8FA059981978C45C00C21F91 /* RBUUnderViewController.m */ = {isa = PBXFileReference; fileEncoding = 4; lastKnownFileType = sourcecode.c.objc; path = RBUUnderViewController.m; sourceTree = "<group>"; };
		8FB8130A19916231002E9F0B /* right.mp3 */ = {isa = PBXFileReference; lastKnownFileType = audio.mp3; path = right.mp3; sourceTree = "<group>"; };
		8FB8130B19916231002E9F0B /* wrong.mp3 */ = {isa = PBXFileReference; lastKnownFileType = audio.mp3; path = wrong.mp3; sourceTree = "<group>"; };
		8FD517DE19873D4E0084D44A /* RBUHelpViewController.h */ = {isa = PBXFileReference; fileEncoding = 4; lastKnownFileType = sourcecode.c.h; path = RBUHelpViewController.h; sourceTree = "<group>"; };
		8FD517DF19873D4E0084D44A /* RBUHelpViewController.m */ = {isa = PBXFileReference; fileEncoding = 4; lastKnownFileType = sourcecode.c.objc; path = RBUHelpViewController.m; sourceTree = "<group>"; };
		8FD7C352196261A50035C111 /* RBUTableViewController.h */ = {isa = PBXFileReference; fileEncoding = 4; lastKnownFileType = sourcecode.c.h; name = RBUTableViewController.h; path = RunBuddy/RBUTableViewController.h; sourceTree = "<group>"; };
		8FD7C353196261A50035C111 /* RBUTableViewController.m */ = {isa = PBXFileReference; fileEncoding = 4; lastKnownFileType = sourcecode.c.objc; name = RBUTableViewController.m; path = RunBuddy/RBUTableViewController.m; sourceTree = "<group>"; };
/* End PBXFileReference section */

/* Begin PBXFrameworksBuildPhase section */
		8F25B5C519510A8400FF7AB1 /* Frameworks */ = {
			isa = PBXFrameworksBuildPhase;
			buildActionMask = 2147483647;
			files = (
				8F25B5CE19510A8400FF7AB1 /* CoreGraphics.framework in Frameworks */,
				8F25B5D019510A8400FF7AB1 /* UIKit.framework in Frameworks */,
				8F25B5CC19510A8400FF7AB1 /* Foundation.framework in Frameworks */,
			);
			runOnlyForDeploymentPostprocessing = 0;
		};
		8F25B5E019510A8500FF7AB1 /* Frameworks */ = {
			isa = PBXFrameworksBuildPhase;
			buildActionMask = 2147483647;
			files = (
				8F25B5E519510A8500FF7AB1 /* XCTest.framework in Frameworks */,
				8F25B5E719510A8500FF7AB1 /* UIKit.framework in Frameworks */,
				8F25B5E619510A8500FF7AB1 /* Foundation.framework in Frameworks */,
			);
			runOnlyForDeploymentPostprocessing = 0;
		};
/* End PBXFrameworksBuildPhase section */

/* Begin PBXGroup section */
		8F25B5BF19510A8400FF7AB1 = {
			isa = PBXGroup;
			children = (
				8FB8130A19916231002E9F0B /* right.mp3 */,
				8FB8130B19916231002E9F0B /* wrong.mp3 */,
				8FA05991196CD86400C21F91 /* RBUTableViewController2.h */,
				8FA05992196CD86400C21F91 /* RBUTableViewController2.m */,
				8FD7C353196261A50035C111 /* RBUTableViewController.m */,
				8FD7C352196261A50035C111 /* RBUTableViewController.h */,
				8F25B617195124CF00FF7AB1 /* RBURunHelper.h */,
				8F25B618195124CF00FF7AB1 /* RBURunHelper.m */,
				8F25B60219511E5900FF7AB1 /* RBURunViewController.h */,
				8F25B60319511E5900FF7AB1 /* RBURunViewController.m */,
				8F25B5D119510A8400FF7AB1 /* RunBuddy */,
				8F25B5EA19510A8500FF7AB1 /* RunBuddyTests */,
				8F25B5CA19510A8400FF7AB1 /* Frameworks */,
				8F25B5C919510A8400FF7AB1 /* Products */,
			);
			sourceTree = "<group>";
		};
		8F25B5C919510A8400FF7AB1 /* Products */ = {
			isa = PBXGroup;
			children = (
				8F25B5C819510A8400FF7AB1 /* RunBuddy.app */,
				8F25B5E319510A8500FF7AB1 /* RunBuddyTests.xctest */,
			);
			name = Products;
			sourceTree = "<group>";
		};
		8F25B5CA19510A8400FF7AB1 /* Frameworks */ = {
			isa = PBXGroup;
			children = (
				8F25B5CB19510A8400FF7AB1 /* Foundation.framework */,
				8F25B5CD19510A8400FF7AB1 /* CoreGraphics.framework */,
				8F25B5CF19510A8400FF7AB1 /* UIKit.framework */,
				8F25B5E419510A8500FF7AB1 /* XCTest.framework */,
			);
			name = Frameworks;
			sourceTree = "<group>";
		};
		8F25B5D119510A8400FF7AB1 /* RunBuddy */ = {
			isa = PBXGroup;
			children = (
				8F25B5DA19510A8400FF7AB1 /* RBUAppDelegate.h */,
				8F25B5DB19510A8400FF7AB1 /* RBUAppDelegate.m */,
				8F25B5FA19510AD200FF7AB1 /* Main.storyboard */,
				8FD517DE19873D4E0084D44A /* RBUHelpViewController.h */,
				8FD517DF19873D4E0084D44A /* RBUHelpViewController.m */,
				8FA059941978C44D00C21F91 /* RBUOverViewController.h */,
				8FA059951978C44D00C21F91 /* RBUOverViewController.m */,
				8FA059971978C45C00C21F91 /* RBUUnderViewController.h */,
				8FA059981978C45C00C21F91 /* RBUUnderViewController.m */,
				8F25B5DD19510A8400FF7AB1 /* Images.xcassets */,
				8F25B5D219510A8400FF7AB1 /* Supporting Files */,
				8F25B60B19511FAE00FF7AB1 /* RBUMainViewController.h */,
				8F25B60C19511FAE00FF7AB1 /* RBUMainViewController.m */,
				8F25B6141951207300FF7AB1 /* RBUResultsViewController.h */,
				8F25B6151951207300FF7AB1 /* RBUResultsViewController.m */,
			);
			path = RunBuddy;
			sourceTree = "<group>";
		};
		8F25B5D219510A8400FF7AB1 /* Supporting Files */ = {
			isa = PBXGroup;
			children = (
				8F25B5D319510A8400FF7AB1 /* RunBuddy-Info.plist */,
				8F25B5D419510A8400FF7AB1 /* InfoPlist.strings */,
				8F25B5D719510A8400FF7AB1 /* main.m */,
				8F25B5D919510A8400FF7AB1 /* RunBuddy-Prefix.pch */,
			);
			name = "Supporting Files";
			sourceTree = "<group>";
		};
		8F25B5EA19510A8500FF7AB1 /* RunBuddyTests */ = {
			isa = PBXGroup;
			children = (
				8F25B5F019510A8500FF7AB1 /* RunBuddyTests.m */,
				8F25B5EB19510A8500FF7AB1 /* Supporting Files */,
			);
			path = RunBuddyTests;
			sourceTree = "<group>";
		};
		8F25B5EB19510A8500FF7AB1 /* Supporting Files */ = {
			isa = PBXGroup;
			children = (
				8F25B5EC19510A8500FF7AB1 /* RunBuddyTests-Info.plist */,
				8F25B5ED19510A8500FF7AB1 /* InfoPlist.strings */,
			);
			name = "Supporting Files";
			sourceTree = "<group>";
		};
/* End PBXGroup section */

/* Begin PBXNativeTarget section */
		8F25B5C719510A8400FF7AB1 /* RunBuddy */ = {
			isa = PBXNativeTarget;
			buildConfigurationList = 8F25B5F419510A8500FF7AB1 /* Build configuration list for PBXNativeTarget "RunBuddy" */;
			buildPhases = (
				8F25B5C419510A8400FF7AB1 /* Sources */,
				8F25B5C519510A8400FF7AB1 /* Frameworks */,
				8F25B5C619510A8400FF7AB1 /* Resources */,
			);
			buildRules = (
			);
			dependencies = (
			);
			name = RunBuddy;
			productName = RunBuddy;
			productReference = 8F25B5C819510A8400FF7AB1 /* RunBuddy.app */;
			productType = "com.apple.product-type.application";
		};
		8F25B5E219510A8500FF7AB1 /* RunBuddyTests */ = {
			isa = PBXNativeTarget;
			buildConfigurationList = 8F25B5F719510A8500FF7AB1 /* Build configuration list for PBXNativeTarget "RunBuddyTests" */;
			buildPhases = (
				8F25B5DF19510A8500FF7AB1 /* Sources */,
				8F25B5E019510A8500FF7AB1 /* Frameworks */,
				8F25B5E119510A8500FF7AB1 /* Resources */,
			);
			buildRules = (
			);
			dependencies = (
				8F25B5E919510A8500FF7AB1 /* PBXTargetDependency */,
			);
			name = RunBuddyTests;
			productName = RunBuddyTests;
			productReference = 8F25B5E319510A8500FF7AB1 /* RunBuddyTests.xctest */;
			productType = "com.apple.product-type.bundle.unit-test";
		};
/* End PBXNativeTarget section */

/* Begin PBXProject section */
		8F25B5C019510A8400FF7AB1 /* Project object */ = {
			isa = PBXProject;
			attributes = {
				CLASSPREFIX = RBU;
				LastUpgradeCheck = 0510;
				ORGANIZATIONNAME = derricp1;
				TargetAttributes = {
					8F25B5E219510A8500FF7AB1 = {
						TestTargetID = 8F25B5C719510A8400FF7AB1;
					};
				};
			};
			buildConfigurationList = 8F25B5C319510A8400FF7AB1 /* Build configuration list for PBXProject "RunBuddy" */;
			compatibilityVersion = "Xcode 3.2";
			developmentRegion = English;
			hasScannedForEncodings = 0;
			knownRegions = (
				en,
			);
			mainGroup = 8F25B5BF19510A8400FF7AB1;
			productRefGroup = 8F25B5C919510A8400FF7AB1 /* Products */;
			projectDirPath = "";
			projectRoot = "";
			targets = (
				8F25B5C719510A8400FF7AB1 /* RunBuddy */,
				8F25B5E219510A8500FF7AB1 /* RunBuddyTests */,
			);
		};
/* End PBXProject section */

/* Begin PBXResourcesBuildPhase section */
		8F25B5C619510A8400FF7AB1 /* Resources */ = {
			isa = PBXResourcesBuildPhase;
			buildActionMask = 2147483647;
			files = (
				8FB8130D19916231002E9F0B /* wrong.mp3 in Resources */,
				8F25B5FB19510AD200FF7AB1 /* Main.storyboard in Resources */,
				8FB8130C19916231002E9F0B /* right.mp3 in Resources */,
				8F25B5D619510A8400FF7AB1 /* InfoPlist.strings in Resources */,
				8F25B5DE19510A8400FF7AB1 /* Images.xcassets in Resources */,
			);
			runOnlyForDeploymentPostprocessing = 0;
		};
		8F25B5E119510A8500FF7AB1 /* Resources */ = {
			isa = PBXResourcesBuildPhase;
			buildActionMask = 2147483647;
			files = (
				8F25B5EF19510A8500FF7AB1 /* InfoPlist.strings in Resources */,
			);
			runOnlyForDeploymentPostprocessing = 0;
		};
/* End PBXResourcesBuildPhase section */

/* Begin PBXSourcesBuildPhase section */
		8F25B5C419510A8400FF7AB1 /* Sources */ = {
			isa = PBXSourcesBuildPhase;
			buildActionMask = 2147483647;
			files = (
				8F25B5DC19510A8400FF7AB1 /* RBUAppDelegate.m in Sources */,
				8F25B619195124CF00FF7AB1 /* RBURunHelper.m in Sources */,
				8FD7C354196261A50035C111 /* RBUTableViewController.m in Sources */,
				8FA059961978C44D00C21F91 /* RBUOverViewController.m in Sources */,
				8F25B60419511E5900FF7AB1 /* RBURunViewController.m in Sources */,
				8FA059991978C45C00C21F91 /* RBUUnderViewController.m in Sources */,
				8F25B6161951207300FF7AB1 /* RBUResultsViewController.m in Sources */,
				8F25B5D819510A8400FF7AB1 /* main.m in Sources */,
				8FA05993196CD86400C21F91 /* RBUTableViewController2.m in Sources */,
				8F25B60D19511FAE00FF7AB1 /* RBUMainViewController.m in Sources */,
				8FD517E019873D4E0084D44A /* RBUHelpViewController.m in Sources */,
			);
			runOnlyForDeploymentPostprocessing = 0;
		};
		8F25B5DF19510A8500FF7AB1 /* Sources */ = {
			isa = PBXSourcesBuildPhase;
			buildActionMask = 2147483647;
			files = (
				8F25B5F119510A8500FF7AB1 /* RunBuddyTests.m in Sources */,
			);
			runOnlyForDeploymentPostprocessing = 0;
		};
/* End PBXSourcesBuildPhase section */

/* Begin PBXTargetDependency section */
		8F25B5E919510A8500FF7AB1 /* PBXTargetDependency */ = {
			isa = PBXTargetDependency;
			target = 8F25B5C719510A8400FF7AB1 /* RunBuddy */;
			targetProxy = 8F25B5E819510A8500FF7AB1 /* PBXContainerItemProxy */;
		};
/* End PBXTargetDependency section */

/* Begin PBXVariantGroup section */
		8F25B5D419510A8400FF7AB1 /* InfoPlist.strings */ = {
			isa = PBXVariantGroup;
			children = (
				8F25B5D519510A8400FF7AB1 /* en */,
			);
			name = InfoPlist.strings;
			sourceTree = "<group>";
		};
		8F25B5ED19510A8500FF7AB1 /* InfoPlist.strings */ = {
			isa = PBXVariantGroup;
			children = (
				8F25B5EE19510A8500FF7AB1 /* en */,
			);
			name = InfoPlist.strings;
			sourceTree = "<group>";
		};
/* End PBXVariantGroup section */

/* Begin XCBuildConfiguration section */
		8F25B5F219510A8500FF7AB1 /* Debug */ = {
			isa = XCBuildConfiguration;
			buildSettings = {
				ALWAYS_SEARCH_USER_PATHS = NO;
				CLANG_CXX_LANGUAGE_STANDARD = "gnu++0x";
				CLANG_CXX_LIBRARY = "libc++";
				CLANG_ENABLE_MODULES = YES;
				CLANG_ENABLE_OBJC_ARC = YES;
				CLANG_WARN_BOOL_CONVERSION = YES;
				CLANG_WARN_CONSTANT_CONVERSION = YES;
				CLANG_WARN_DIRECT_OBJC_ISA_USAGE = YES_ERROR;
				CLANG_WARN_EMPTY_BODY = YES;
				CLANG_WARN_ENUM_CONVERSION = YES;
				CLANG_WARN_INT_CONVERSION = YES;
				CLANG_WARN_OBJC_ROOT_CLASS = YES_ERROR;
				CLANG_WARN__DUPLICATE_METHOD_MATCH = YES;
				"CODE_SIGN_IDENTITY[sdk=iphoneos*]" = "iPhone Developer";
				COPY_PHASE_STRIP = NO;
				GCC_C_LANGUAGE_STANDARD = gnu99;
				GCC_DYNAMIC_NO_PIC = NO;
				GCC_OPTIMIZATION_LEVEL = 0;
				GCC_PREPROCESSOR_DEFINITIONS = (
					"DEBUG=1",
					"$(inherited)",
				);
				GCC_SYMBOLS_PRIVATE_EXTERN = NO;
				GCC_WARN_64_TO_32_BIT_CONVERSION = YES;
				GCC_WARN_ABOUT_RETURN_TYPE = YES_ERROR;
				GCC_WARN_UNDECLARED_SELECTOR = YES;
				GCC_WARN_UNINITIALIZED_AUTOS = YES_AGGRESSIVE;
				GCC_WARN_UNUSED_FUNCTION = YES;
				GCC_WARN_UNUSED_VARIABLE = YES;
				IPHONEOS_DEPLOYMENT_TARGET = 7.1;
				ONLY_ACTIVE_ARCH = YES;
				SDKROOT = iphoneos;
			};
			name = Debug;
		};
		8F25B5F319510A8500FF7AB1 /* Release */ = {
			isa = XCBuildConfiguration;
			buildSettings = {
				ALWAYS_SEARCH_USER_PATHS = NO;
				CLANG_CXX_LANGUAGE_STANDARD = "gnu++0x";
				CLANG_CXX_LIBRARY = "libc++";
				CLANG_ENABLE_MODULES = YES;
				CLANG_ENABLE_OBJC_ARC = YES;
				CLANG_WARN_BOOL_CONVERSION = YES;
				CLANG_WARN_CONSTANT_CONVERSION = YES;
				CLANG_WARN_DIRECT_OBJC_ISA_USAGE = YES_ERROR;
				CLANG_WARN_EMPTY_BODY = YES;
				CLANG_WARN_ENUM_CONVERSION = YES;
				CLANG_WARN_INT_CONVERSION = YES;
				CLANG_WARN_OBJC_ROOT_CLASS = YES_ERROR;
				CLANG_WARN__DUPLICATE_METHOD_MATCH = YES;
				"CODE_SIGN_IDENTITY[sdk=iphoneos*]" = "iPhone Developer";
				COPY_PHASE_STRIP = YES;
				ENABLE_NS_ASSERTIONS = NO;
				GCC_C_LANGUAGE_STANDARD = gnu99;
				GCC_WARN_64_TO_32_BIT_CONVERSION = YES;
				GCC_WARN_ABOUT_RETURN_TYPE = YES_ERROR;
				GCC_WARN_UNDECLARED_SELECTOR = YES;
				GCC_WARN_UNINITIALIZED_AUTOS = YES_AGGRESSIVE;
				GCC_WARN_UNUSED_FUNCTION = YES;
				GCC_WARN_UNUSED_VARIABLE = YES;
				IPHONEOS_DEPLOYMENT_TARGET = 7.1;
				SDKROOT = iphoneos;
				VALIDATE_PRODUCT = YES;
			};
			name = Release;
		};
		8F25B5F519510A8500FF7AB1 /* Debug */ = {
			isa = XCBuildConfiguration;
			buildSettings = {
				ASSETCATALOG_COMPILER_APPICON_NAME = AppIcon;
				ASSETCATALOG_COMPILER_LAUNCHIMAGE_NAME = LaunchImage;
				GCC_PRECOMPILE_PREFIX_HEADER = YES;
				GCC_PREFIX_HEADER = "RunBuddy/RunBuddy-Prefix.pch";
				INFOPLIST_FILE = "RunBuddy/RunBuddy-Info.plist";
				PRODUCT_NAME = "$(TARGET_NAME)";
				WRAPPER_EXTENSION = app;
			};
			name = Debug;
		};
		8F25B5F619510A8500FF7AB1 /* Release */ = {
			isa = XCBuildConfiguration;
			buildSettings = {
				ASSETCATALOG_COMPILER_APPICON_NAME = AppIcon;
				ASSETCATALOG_COMPILER_LAUNCHIMAGE_NAME = LaunchImage;
				GCC_PRECOMPILE_PREFIX_HEADER = YES;
				GCC_PREFIX_HEADER = "RunBuddy/RunBuddy-Prefix.pch";
				INFOPLIST_FILE = "RunBuddy/RunBuddy-Info.plist";
				PRODUCT_NAME = "$(TARGET_NAME)";
				WRAPPER_EXTENSION = app;
			};
			name = Release;
		};
		8F25B5F819510A8500FF7AB1 /* Debug */ = {
			isa = XCBuildConfiguration;
			buildSettings = {
				BUNDLE_LOADER = "$(BUILT_PRODUCTS_DIR)/RunBuddy.app/RunBuddy";
				FRAMEWORK_SEARCH_PATHS = (
					"$(SDKROOT)/Developer/Library/Frameworks",
					"$(inherited)",
					"$(DEVELOPER_FRAMEWORKS_DIR)",
				);
				GCC_PRECOMPILE_PREFIX_HEADER = YES;
				GCC_PREFIX_HEADER = "RunBuddy/RunBuddy-Prefix.pch";
				GCC_PREPROCESSOR_DEFINITIONS = (
					"DEBUG=1",
					"$(inherited)",
				);
				INFOPLIST_FILE = "RunBuddyTests/RunBuddyTests-Info.plist";
				PRODUCT_NAME = "$(TARGET_NAME)";
				TEST_HOST = "$(BUNDLE_LOADER)";
				WRAPPER_EXTENSION = xctest;
			};
			name = Debug;
		};
		8F25B5F919510A8500FF7AB1 /* Release */ = {
			isa = XCBuildConfiguration;
			buildSettings = {
				BUNDLE_LOADER = "$(BUILT_PRODUCTS_DIR)/RunBuddy.app/RunBuddy";
				FRAMEWORK_SEARCH_PATHS = (
					"$(SDKROOT)/Developer/Library/Frameworks",
					"$(inherited)",
					"$(DEVELOPER_FRAMEWORKS_DIR)",
				);
				GCC_PRECOMPILE_PREFIX_HEADER = YES;
				GCC_PREFIX_HEADER = "RunBuddy/RunBuddy-Prefix.pch";
				INFOPLIST_FILE = "RunBuddyTests/RunBuddyTests-Info.plist";
				PRODUCT_NAME = "$(TARGET_NAME)";
				TEST_HOST = "$(BUNDLE_LOADER)";
				WRAPPER_EXTENSION = xctest;
			};
			name = Release;
		};
/* End XCBuildConfiguration section */

/* Begin XCConfigurationList section */
		8F25B5C319510A8400FF7AB1 /* Build configuration list for PBXProject "RunBuddy" */ = {
			isa = XCConfigurationList;
			buildConfigurations = (
				8F25B5F219510A8500FF7AB1 /* Debug */,
				8F25B5F319510A8500FF7AB1 /* Release */,
			);
			defaultConfigurationIsVisible = 0;
			defaultConfigurationName = Release;
		};
		8F25B5F419510A8500FF7AB1 /* Build configuration list for PBXNativeTarget "RunBuddy" */ = {
			isa = XCConfigurationList;
			buildConfigurations = (
				8F25B5F519510A8500FF7AB1 /* Debug */,
				8F25B5F619510A8500FF7AB1 /* Release */,
			);
			defaultConfigurationIsVisible = 0;
			defaultConfigurationName = Release;
		};
		8F25B5F719510A8500FF7AB1 /* Build configuration list for PBXNativeTarget "RunBuddyTests" */ = {
			isa = XCConfigurationList;
			buildConfigurations = (
				8F25B5F819510A8500FF7AB1 /* Debug */,
				8F25B5F919510A8500FF7AB1 /* Release */,
			);
			defaultConfigurationIsVisible = 0;
			defaultConfigurationName = Release;
		};
/* End XCConfigurationList section */
	};
	rootObject = 8F25B5C019510A8400FF7AB1 /* Project object */;
}
